
Microsoft Visual Studio Solution File, Format Version 12.00
# Visual Studio Version 17
VisualStudioVersion = 17.9.34714.143
MinimumVisualStudioVersion = 10.0.40219.1
Project("{2150E333-8FDC-42A3-9474-1A3956D46DE8}") = "RabbitMQ", "RabbitMQ", "{213F76B2-42BF-473E-B34A-3A60B8645F62}"
EndProject
Project("{9A19103F-16F7-4668-BE54-9A1E7A4F7556}") = "Publisher", "RabbitMQ\Publisher\Publisher.csproj", "{B8575229-8A9A-4E4B-8879-C6928A22A5DD}"
EndProject
Project("{9A19103F-16F7-4668-BE54-9A1E7A4F7556}") = "Subscriber", "RabbitMQ\Subscriber\Subscriber.csproj", "{BDF1F670-480A-47DD-A05E-EDCFB01C666E}"
EndProject
Project("{9A19103F-16F7-4668-BE54-9A1E7A4F7556}") = "Example", "Example\Example.csproj", "{08B2C8D4-2C5B-4E07-A62B-5807BDB85E5A}"
EndProject
Project("{2150E333-8FDC-42A3-9474-1A3956D46DE8}") = "Masstransit RabbitMQ Example", "Masstransit RabbitMQ Example", "{59D80C39-C2B7-4678-9938-3906F1403104}"
EndProject
Project("{2150E333-8FDC-42A3-9474-1A3956D46DE8}") = "Solution Items", "Solution Items", "{0BE3E1CD-A462-49B9-8E22-F3822233590C}"
	ProjectSection(SolutionItems) = preProject
		RabbitMQ\Masstransit RabbitMQ Example\Solution Items\docker-compose.dev.yaml = RabbitMQ\Masstransit RabbitMQ Example\Solution Items\docker-compose.dev.yaml
	EndProjectSection
EndProject
Project("{2150E333-8FDC-42A3-9474-1A3956D46DE8}") = "Source Code", "Source Code", "{E13B96B3-738A-4BE7-B945-8F985117F134}"
EndProject
Project("{9A19103F-16F7-4668-BE54-9A1E7A4F7556}") = "MasstransitRabbitMQ.Contract", "RabbitMQ\Masstransit RabbitMQ Example\Source Code\MasstransitRabbitMQ.Contract\MasstransitRabbitMQ.Contract.csproj", "{49E9DEB0-A72F-45DE-9C64-CE027C24C2CF}"
EndProject
Project("{9A19103F-16F7-4668-BE54-9A1E7A4F7556}") = "MasstransitRabbitMQ.Producer.API", "RabbitMQ\Masstransit RabbitMQ Example\Source Code\MasstransitRabbitMQ.Producer.API\MasstransitRabbitMQ.Producer.API.csproj", "{FAEEB5D5-0587-4205-BC66-80A0069F6445}"
EndProject
Project("{9A19103F-16F7-4668-BE54-9A1E7A4F7556}") = "MasstransitRabbitMQ.Consumer.API", "RabbitMQ\Masstransit RabbitMQ Example\Source Code\MasstransitRabbitMQ.Consumer.API\MasstransitRabbitMQ.Consumer.API.csproj", "{43A808B5-669B-46E7-BA22-7DF31006AF17}"
EndProject
Project("{9A19103F-16F7-4668-BE54-9A1E7A4F7556}") = "Redis", "Redis\Redis.csproj", "{D6F240E6-B742-48CD-9732-B8541B0ECFF0}"
EndProject
Project("{9A19103F-16F7-4668-BE54-9A1E7A4F7556}") = "Elasticsearch", "Elasticsearch\Elasticsearch.csproj", "{AA17AAAB-8E57-492A-BDE0-B51B4DC1F694}"
EndProject
Project("{9A19103F-16F7-4668-BE54-9A1E7A4F7556}") = "OcelotGateway", "OcelotGateway\OcelotGateway.csproj", "{6C14551B-40E8-4065-95CF-DC299C374DBE}"
EndProject
Project("{9A19103F-16F7-4668-BE54-9A1E7A4F7556}") = "Authentication", "Authentication\Authentication.csproj", "{33A127AA-FB97-454E-A574-A6CB0088C2FA}"
EndProject
Project("{FAE04EC0-301F-11D3-BF4B-00C04F79EFBC}") = "YARPReverseProxy", "YARPReverseProxy\YARPReverseProxy.csproj", "{D690ECAA-D69C-4261-8C3D-27BB07671FDB}"
EndProject
Global
	GlobalSection(SolutionConfigurationPlatforms) = preSolution
		Debug|Any CPU = Debug|Any CPU
		Release|Any CPU = Release|Any CPU
	EndGlobalSection
	GlobalSection(ProjectConfigurationPlatforms) = postSolution
		{B8575229-8A9A-4E4B-8879-C6928A22A5DD}.Debug|Any CPU.ActiveCfg = Debug|Any CPU
		{B8575229-8A9A-4E4B-8879-C6928A22A5DD}.Debug|Any CPU.Build.0 = Debug|Any CPU
		{B8575229-8A9A-4E4B-8879-C6928A22A5DD}.Release|Any CPU.ActiveCfg = Release|Any CPU
		{B8575229-8A9A-4E4B-8879-C6928A22A5DD}.Release|Any CPU.Build.0 = Release|Any CPU
		{BDF1F670-480A-47DD-A05E-EDCFB01C666E}.Debug|Any CPU.ActiveCfg = Debug|Any CPU
		{BDF1F670-480A-47DD-A05E-EDCFB01C666E}.Debug|Any CPU.Build.0 = Debug|Any CPU
		{BDF1F670-480A-47DD-A05E-EDCFB01C666E}.Release|Any CPU.ActiveCfg = Release|Any CPU
		{BDF1F670-480A-47DD-A05E-EDCFB01C666E}.Release|Any CPU.Build.0 = Release|Any CPU
		{08B2C8D4-2C5B-4E07-A62B-5807BDB85E5A}.Debug|Any CPU.ActiveCfg = Debug|Any CPU
		{08B2C8D4-2C5B-4E07-A62B-5807BDB85E5A}.Debug|Any CPU.Build.0 = Debug|Any CPU
		{08B2C8D4-2C5B-4E07-A62B-5807BDB85E5A}.Release|Any CPU.ActiveCfg = Release|Any CPU
		{08B2C8D4-2C5B-4E07-A62B-5807BDB85E5A}.Release|Any CPU.Build.0 = Release|Any CPU
		{49E9DEB0-A72F-45DE-9C64-CE027C24C2CF}.Debug|Any CPU.ActiveCfg = Debug|Any CPU
		{49E9DEB0-A72F-45DE-9C64-CE027C24C2CF}.Debug|Any CPU.Build.0 = Debug|Any CPU
		{49E9DEB0-A72F-45DE-9C64-CE027C24C2CF}.Release|Any CPU.ActiveCfg = Release|Any CPU
		{49E9DEB0-A72F-45DE-9C64-CE027C24C2CF}.Release|Any CPU.Build.0 = Release|Any CPU
		{FAEEB5D5-0587-4205-BC66-80A0069F6445}.Debug|Any CPU.ActiveCfg = Debug|Any CPU
		{FAEEB5D5-0587-4205-BC66-80A0069F6445}.Debug|Any CPU.Build.0 = Debug|Any CPU
		{FAEEB5D5-0587-4205-BC66-80A0069F6445}.Release|Any CPU.ActiveCfg = Release|Any CPU
		{FAEEB5D5-0587-4205-BC66-80A0069F6445}.Release|Any CPU.Build.0 = Release|Any CPU
		{43A808B5-669B-46E7-BA22-7DF31006AF17}.Debug|Any CPU.ActiveCfg = Debug|Any CPU
		{43A808B5-669B-46E7-BA22-7DF31006AF17}.Debug|Any CPU.Build.0 = Debug|Any CPU
		{43A808B5-669B-46E7-BA22-7DF31006AF17}.Release|Any CPU.ActiveCfg = Release|Any CPU
		{43A808B5-669B-46E7-BA22-7DF31006AF17}.Release|Any CPU.Build.0 = Release|Any CPU
		{D6F240E6-B742-48CD-9732-B8541B0ECFF0}.Debug|Any CPU.ActiveCfg = Debug|Any CPU
		{D6F240E6-B742-48CD-9732-B8541B0ECFF0}.Debug|Any CPU.Build.0 = Debug|Any CPU
		{D6F240E6-B742-48CD-9732-B8541B0ECFF0}.Release|Any CPU.ActiveCfg = Release|Any CPU
		{D6F240E6-B742-48CD-9732-B8541B0ECFF0}.Release|Any CPU.Build.0 = Release|Any CPU
		{AA17AAAB-8E57-492A-BDE0-B51B4DC1F694}.Debug|Any CPU.ActiveCfg = Debug|Any CPU
		{AA17AAAB-8E57-492A-BDE0-B51B4DC1F694}.Debug|Any CPU.Build.0 = Debug|Any CPU
		{AA17AAAB-8E57-492A-BDE0-B51B4DC1F694}.Release|Any CPU.ActiveCfg = Release|Any CPU
		{AA17AAAB-8E57-492A-BDE0-B51B4DC1F694}.Release|Any CPU.Build.0 = Release|Any CPU
		{6C14551B-40E8-4065-95CF-DC299C374DBE}.Debug|Any CPU.ActiveCfg = Debug|Any CPU
		{6C14551B-40E8-4065-95CF-DC299C374DBE}.Debug|Any CPU.Build.0 = Debug|Any CPU
		{6C14551B-40E8-4065-95CF-DC299C374DBE}.Release|Any CPU.ActiveCfg = Release|Any CPU
		{6C14551B-40E8-4065-95CF-DC299C374DBE}.Release|Any CPU.Build.0 = Release|Any CPU
		{33A127AA-FB97-454E-A574-A6CB0088C2FA}.Debug|Any CPU.ActiveCfg = Debug|Any CPU
		{33A127AA-FB97-454E-A574-A6CB0088C2FA}.Debug|Any CPU.Build.0 = Debug|Any CPU
		{33A127AA-FB97-454E-A574-A6CB0088C2FA}.Release|Any CPU.ActiveCfg = Release|Any CPU
		{33A127AA-FB97-454E-A574-A6CB0088C2FA}.Release|Any CPU.Build.0 = Release|Any CPU
		{D690ECAA-D69C-4261-8C3D-27BB07671FDB}.Debug|Any CPU.ActiveCfg = Debug|Any CPU
		{D690ECAA-D69C-4261-8C3D-27BB07671FDB}.Debug|Any CPU.Build.0 = Debug|Any CPU
		{D690ECAA-D69C-4261-8C3D-27BB07671FDB}.Release|Any CPU.ActiveCfg = Release|Any CPU
		{D690ECAA-D69C-4261-8C3D-27BB07671FDB}.Release|Any CPU.Build.0 = Release|Any CPU
	EndGlobalSection
	GlobalSection(SolutionProperties) = preSolution
		HideSolutionNode = FALSE
	EndGlobalSection
	GlobalSection(NestedProjects) = preSolution
		{B8575229-8A9A-4E4B-8879-C6928A22A5DD} = {213F76B2-42BF-473E-B34A-3A60B8645F62}
		{BDF1F670-480A-47DD-A05E-EDCFB01C666E} = {213F76B2-42BF-473E-B34A-3A60B8645F62}
		{59D80C39-C2B7-4678-9938-3906F1403104} = {213F76B2-42BF-473E-B34A-3A60B8645F62}
		{0BE3E1CD-A462-49B9-8E22-F3822233590C} = {59D80C39-C2B7-4678-9938-3906F1403104}
		{E13B96B3-738A-4BE7-B945-8F985117F134} = {59D80C39-C2B7-4678-9938-3906F1403104}
		{49E9DEB0-A72F-45DE-9C64-CE027C24C2CF} = {E13B96B3-738A-4BE7-B945-8F985117F134}
		{FAEEB5D5-0587-4205-BC66-80A0069F6445} = {E13B96B3-738A-4BE7-B945-8F985117F134}
		{43A808B5-669B-46E7-BA22-7DF31006AF17} = {E13B96B3-738A-4BE7-B945-8F985117F134}
	EndGlobalSection
	GlobalSection(ExtensibilityGlobals) = postSolution
		SolutionGuid = {D11741C4-290A-4204-B17B-A9845D32C58C}
	EndGlobalSection
EndGlobal
